
Microsoft Visual Studio Solution File, Format Version 12.00
# Visual Studio 15
VisualStudioVersion = 15.0.27703.2047
MinimumVisualStudioVersion = 10.0.40219.1
Project("{FAE04EC0-301F-11D3-BF4B-00C04F79EFBC}") = "NoStatusCodeStaticFiles", "NoStatusCodeStaticFiles\NoStatusCodeStaticFiles.csproj", "{EEFA35A6-57F0-4738-9AD0-8D70DABD9C3B}"
EndProject
Global
	GlobalSection(SolutionConfigurationPlatforms) = preSolution
		Debug|Any CPU = Debug|Any CPU
		Release|Any CPU = Release|Any CPU
	EndGlobalSection
	GlobalSection(ProjectConfigurationPlatforms) = postSolution
		{EEFA35A6-57F0-4738-9AD0-8D70DABD9C3B}.Debug|Any CPU.ActiveCfg = Debug|Any CPU
		{EEFA35A6-57F0-4738-9AD0-8D70DABD9C3B}.Debug|Any CPU.Build.0 = Debug|Any CPU
		{EEFA35A6-57F0-4738-9AD0-8D70DABD9C3B}.Release|Any CPU.ActiveCfg = Release|Any CPU
		{EEFA35A6-57F0-4738-9AD0-8D70DABD9C3B}.Release|Any CPU.Build.0 = Release|Any CPU
	EndGlobalSection
	GlobalSection(SolutionProperties) = preSolution
		HideSolutionNode = FALSE
	EndGlobalSection
	GlobalSection(ExtensibilityGlobals) = postSolution
		SolutionGuid = {3A4553C9-BA5F-4E84-ADE5-27BF378C4757}
	EndGlobalSection
EndGlobal
